
Microsoft Visual Studio Solution File, Format Version 12.00
# Visual Studio Version 17
VisualStudioVersion = 17.1.32421.90
MinimumVisualStudioVersion = 10.0.40219.1
Project("{FAE04EC0-301F-11D3-BF4B-00C04F79EFBC}") = "Tic-Tac-Toe", "Tic-Tac-Toe.csproj", "{EDBF930D-F537-4895-B1EB-7B99EFBD9EF6}"
EndProject
Global
	GlobalSection(SolutionConfigurationPlatforms) = preSolution
		Debug|Any CPU = Debug|Any CPU
		Release|Any CPU = Release|Any CPU
	EndGlobalSection
	GlobalSection(ProjectConfigurationPlatforms) = postSolution
		{EDBF930D-F537-4895-B1EB-7B99EFBD9EF6}.Debug|Any CPU.ActiveCfg = Debug|Any CPU
		{EDBF930D-F537-4895-B1EB-7B99EFBD9EF6}.Debug|Any CPU.Build.0 = Debug|Any CPU
		{EDBF930D-F537-4895-B1EB-7B99EFBD9EF6}.Release|Any CPU.ActiveCfg = Release|Any CPU
		{EDBF930D-F537-4895-B1EB-7B99EFBD9EF6}.Release|Any CPU.Build.0 = Release|Any CPU
	EndGlobalSection
	GlobalSection(SolutionProperties) = preSolution
		HideSolutionNode = FALSE
	EndGlobalSection
	GlobalSection(ExtensibilityGlobals) = postSolution
		SolutionGuid = {00DCBD60-7394-4789-8760-974B8D110CD5}
	EndGlobalSection
EndGlobal
